
Microsoft Visual Studio Solution File, Format Version 12.00
# Visual Studio Version 16
VisualStudioVersion = 16.0.32002.261
MinimumVisualStudioVersion = 10.0.40219.1
Project("{9A19103F-16F7-4668-BE54-9A1E7A4F7556}") = "WpfHomeBudget", "WpfHomeBudget\WpfHomeBudget.csproj", "{A033354C-1569-4D27-9381-9FD8E5BA7436}"
EndProject
Project("{9A19103F-16F7-4668-BE54-9A1E7A4F7556}") = "TestProject", "TestProject\TestProject.csproj", "{414C3717-6C23-4F26-B34A-A4A13526EF8C}"
EndProject
Project("{54435603-DBB4-11D2-8724-00A0C9A8B90C}") = "Setup", "Setup\Setup.vdproj", "{A762FE36-5B12-4897-83ED-AAC6C6BCB25B}"
EndProject
Global
	GlobalSection(SolutionConfigurationPlatforms) = preSolution
		Debug|Any CPU = Debug|Any CPU
		Release|Any CPU = Release|Any CPU
	EndGlobalSection
	GlobalSection(ProjectConfigurationPlatforms) = postSolution
		{A033354C-1569-4D27-9381-9FD8E5BA7436}.Debug|Any CPU.ActiveCfg = Debug|Any CPU
		{A033354C-1569-4D27-9381-9FD8E5BA7436}.Debug|Any CPU.Build.0 = Debug|Any CPU
		{A033354C-1569-4D27-9381-9FD8E5BA7436}.Release|Any CPU.ActiveCfg = Release|Any CPU
		{A033354C-1569-4D27-9381-9FD8E5BA7436}.Release|Any CPU.Build.0 = Release|Any CPU
		{414C3717-6C23-4F26-B34A-A4A13526EF8C}.Debug|Any CPU.ActiveCfg = Debug|Any CPU
		{414C3717-6C23-4F26-B34A-A4A13526EF8C}.Debug|Any CPU.Build.0 = Debug|Any CPU
		{414C3717-6C23-4F26-B34A-A4A13526EF8C}.Release|Any CPU.ActiveCfg = Release|Any CPU
		{414C3717-6C23-4F26-B34A-A4A13526EF8C}.Release|Any CPU.Build.0 = Release|Any CPU
		{A762FE36-5B12-4897-83ED-AAC6C6BCB25B}.Debug|Any CPU.ActiveCfg = Debug
		{A762FE36-5B12-4897-83ED-AAC6C6BCB25B}.Release|Any CPU.ActiveCfg = Release
	EndGlobalSection
	GlobalSection(SolutionProperties) = preSolution
		HideSolutionNode = FALSE
	EndGlobalSection
	GlobalSection(ExtensibilityGlobals) = postSolution
		SolutionGuid = {2AB6077A-D408-44F9-B87F-71B0CC3C41D0}
	EndGlobalSection
EndGlobal
